
Microsoft Visual Studio Solution File, Format Version 12.00
# Visual Studio Version 16
VisualStudioVersion = 16.0.31019.35
MinimumVisualStudioVersion = 10.0.40219.1
Project("{FAE04EC0-301F-11D3-BF4B-00C04F79EFBC}") = "07.03.22", "07.03.22\07.03.22.csproj", "{5DA4427E-1117-40D4-B140-4A517B365974}"
EndProject
Global
	GlobalSection(SolutionConfigurationPlatforms) = preSolution
		Debug|Any CPU = Debug|Any CPU
		Release|Any CPU = Release|Any CPU
	EndGlobalSection
	GlobalSection(ProjectConfigurationPlatforms) = postSolution
		{5DA4427E-1117-40D4-B140-4A517B365974}.Debug|Any CPU.ActiveCfg = Debug|Any CPU
		{5DA4427E-1117-40D4-B140-4A517B365974}.Debug|Any CPU.Build.0 = Debug|Any CPU
		{5DA4427E-1117-40D4-B140-4A517B365974}.Release|Any CPU.ActiveCfg = Release|Any CPU
		{5DA4427E-1117-40D4-B140-4A517B365974}.Release|Any CPU.Build.0 = Release|Any CPU
	EndGlobalSection
	GlobalSection(SolutionProperties) = preSolution
		HideSolutionNode = FALSE
	EndGlobalSection
	GlobalSection(ExtensibilityGlobals) = postSolution
		SolutionGuid = {7051FEE2-5956-460D-89CC-A42CFEF69F3C}
	EndGlobalSection
EndGlobal
